{
	"name": "@overpaper/plugin",
	"version": "1.0.24",
	"lockfileVersion": 1,
	"requires": true,
	"dependencies": {
		"@types/nanoid": {
			"version": "2.0.0",
			"resolved": "https://registry.npmjs.org/@types/nanoid/-/nanoid-2.0.0.tgz",
			"integrity": "sha512-NtwPHfAyU3IDXdKAB2OMPpAauHBg9gUjpOYr3FAzI84D70nWdS8k5mryteLvT/s1ACeAFAkGg132/XJVN4qx/w==",
			"dev": true,
			"requires": {
				"@types/node": "*"
			}
		},
		"@types/node": {
			"version": "12.7.1",
			"resolved": "https://registry.npmjs.org/@types/node/-/node-12.7.1.tgz",
			"integrity": "sha512-aK9jxMypeSrhiYofWWBf/T7O+KwaiAHzM4sveCdWPn71lzUSMimRnKzhXDKfKwV1kWoBo2P1aGgaIYGLf9/ljw==",
			"dev": true
		},
		"date-fns": {
			"version": "1.30.1",
			"resolved": "https://registry.npmjs.org/date-fns/-/date-fns-1.30.1.tgz",
			"integrity": "sha512-hBSVCvSmWC+QypYObzwGOd9wqdDpOt+0wl0KbU+R+uuZBS1jN8VsD1ss3irQDknRj5NvxiTF6oj/nDRnN/UQNw=="
		},
		"nanoid": {
			"version": "3.1.31",
			"resolved": "https://registry.npmjs.org/nanoid/-/nanoid-3.1.31.tgz",
			"integrity": "sha512-ZivnJm0o9bb13p2Ot5CpgC2rQdzB9Uxm/mFZweqm5eMViqOJe3PV6LU2E30SiLgheesmcPrjquqraoolONSA0A=="
		}
	}
}
